<?xml version="1.0" encoding="utf-8"?>
<Project ToolsVersion="4.0" xmlns="http://schemas.microsoft.com/developer/msbuild/2003">
  <ItemGroup>
    <Filter Include="Resource Files">
      <UniqueIdentifier>{c9059b10-a15d-4137-abd9-c04be77bb8cc}</UniqueIdentifier>
    </Filter>
    <Filter Include="Source Files">
      <UniqueIdentifier>{a77cf705-ec15-49fc-90a7-8246352aa940}</UniqueIdentifier>
    </Filter>
    <Filter Include="Header Files">
      <UniqueIdentifier>{fbfc7f44-4396-44fc-9107-415bcd1cd364}</UniqueIdentifier>
    </Filter>
  </ItemGroup>
  <ItemGroup>
    <ClCompile Include="ActiveRTSPServer.cpp">
      <Filter>Source Files</Filter>
    </ClCompile>
    <ClCompile Include="RelayStreamServer.cpp">
      <Filter>Source Files</Filter>
    </ClCompile>
  </ItemGroup>
  <ItemGroup>
    <ClInclude Include="ActiveRTSPServer.hh">
      <Filter>Header Files</Filter>
    </ClInclude>
    <ClInclude Include="version.hh">
      <Filter>Header Files</Filter>
    </ClInclude>
  </ItemGroup>
</Project>